
Microsoft Visual Studio Solution File, Format Version 12.00
# Visual Studio Version 17
VisualStudioVersion = 17.13.35825.156 d17.13
MinimumVisualStudioVersion = 10.0.40219.1
Project("{FAE04EC0-301F-11D3-BF4B-00C04F79EFBC}") = "SignalRSample", "SignalRSample\SignalRSample.csproj", "{FA1C2E34-FF33-495F-A485-65F42B9AD1D8}"
EndProject
Global
	GlobalSection(SolutionConfigurationPlatforms) = preSolution
		Debug|Any CPU = Debug|Any CPU
		Release|Any CPU = Release|Any CPU
	EndGlobalSection
	GlobalSection(ProjectConfigurationPlatforms) = postSolution
		{FA1C2E34-FF33-495F-A485-65F42B9AD1D8}.Debug|Any CPU.ActiveCfg = Debug|Any CPU
		{FA1C2E34-FF33-495F-A485-65F42B9AD1D8}.Debug|Any CPU.Build.0 = Debug|Any CPU
		{FA1C2E34-FF33-495F-A485-65F42B9AD1D8}.Release|Any CPU.ActiveCfg = Release|Any CPU
		{FA1C2E34-FF33-495F-A485-65F42B9AD1D8}.Release|Any CPU.Build.0 = Release|Any CPU
	EndGlobalSection
	GlobalSection(SolutionProperties) = preSolution
		HideSolutionNode = FALSE
	EndGlobalSection
	GlobalSection(ExtensibilityGlobals) = postSolution
		SolutionGuid = {CE9765D7-06CB-4DD0-B3DA-F668D9520BBE}
	EndGlobalSection
EndGlobal
